
Microsoft Visual Studio Solution File, Format Version 12.00
# Visual Studio Version 17
VisualStudioVersion = 17.9.34728.123
MinimumVisualStudioVersion = 10.0.40219.1
Project("{FAE04EC0-301F-11D3-BF4B-00C04F79EFBC}") = "BogomolovGlaza", "BogomolovGlaza\BogomolovGlaza.csproj", "{2CB8FAA9-FCEC-4194-A6DA-119636B96D71}"
EndProject
Global
	GlobalSection(SolutionConfigurationPlatforms) = preSolution
		Debug|Any CPU = Debug|Any CPU
		Release|Any CPU = Release|Any CPU
	EndGlobalSection
	GlobalSection(ProjectConfigurationPlatforms) = postSolution
		{2CB8FAA9-FCEC-4194-A6DA-119636B96D71}.Debug|Any CPU.ActiveCfg = Debug|Any CPU
		{2CB8FAA9-FCEC-4194-A6DA-119636B96D71}.Debug|Any CPU.Build.0 = Debug|Any CPU
		{2CB8FAA9-FCEC-4194-A6DA-119636B96D71}.Release|Any CPU.ActiveCfg = Release|Any CPU
		{2CB8FAA9-FCEC-4194-A6DA-119636B96D71}.Release|Any CPU.Build.0 = Release|Any CPU
	EndGlobalSection
	GlobalSection(SolutionProperties) = preSolution
		HideSolutionNode = FALSE
	EndGlobalSection
	GlobalSection(ExtensibilityGlobals) = postSolution
		SolutionGuid = {C88BD95D-E232-4AAE-B60B-8B13CD2822D3}
	EndGlobalSection
EndGlobal
